
Microsoft Visual Studio Solution File, Format Version 12.00
# Visual Studio 2012
Project("{FAE04EC0-301F-11D3-BF4B-00C04F79EFBC}") = "Entidades", "Entidades\Entidades.csproj", "{615F590A-CDB9-4BAF-8090-34118B62B0C9}"
EndProject
Project("{FAE04EC0-301F-11D3-BF4B-00C04F79EFBC}") = "MiCalculadora", "MiCalculadora\MiCalculadora.csproj", "{5F34CD1D-9EE5-46E1-9DE8-4DCE35A139FA}"
EndProject
Global
	GlobalSection(SolutionConfigurationPlatforms) = preSolution
		Debug|Any CPU = Debug|Any CPU
		Release|Any CPU = Release|Any CPU
	EndGlobalSection
	GlobalSection(ProjectConfigurationPlatforms) = postSolution
		{615F590A-CDB9-4BAF-8090-34118B62B0C9}.Debug|Any CPU.ActiveCfg = Debug|Any CPU
		{615F590A-CDB9-4BAF-8090-34118B62B0C9}.Debug|Any CPU.Build.0 = Debug|Any CPU
		{615F590A-CDB9-4BAF-8090-34118B62B0C9}.Release|Any CPU.ActiveCfg = Release|Any CPU
		{615F590A-CDB9-4BAF-8090-34118B62B0C9}.Release|Any CPU.Build.0 = Release|Any CPU
		{5F34CD1D-9EE5-46E1-9DE8-4DCE35A139FA}.Debug|Any CPU.ActiveCfg = Debug|Any CPU
		{5F34CD1D-9EE5-46E1-9DE8-4DCE35A139FA}.Debug|Any CPU.Build.0 = Debug|Any CPU
		{5F34CD1D-9EE5-46E1-9DE8-4DCE35A139FA}.Release|Any CPU.ActiveCfg = Release|Any CPU
		{5F34CD1D-9EE5-46E1-9DE8-4DCE35A139FA}.Release|Any CPU.Build.0 = Release|Any CPU
	EndGlobalSection
	GlobalSection(SolutionProperties) = preSolution
		HideSolutionNode = FALSE
	EndGlobalSection
EndGlobal
