
Microsoft Visual Studio Solution File, Format Version 12.00
# Visual Studio 2012
Project("{FAE04EC0-301F-11D3-BF4B-00C04F79EFBC}") = "Entidades", "Entidades\Entidades.csproj", "{B00E1597-941E-4808-A3BC-BA981DCD4AE1}"
EndProject
Project("{FAE04EC0-301F-11D3-BF4B-00C04F79EFBC}") = "FrmCentralitaTelefonica", "FrmCentralitaTelefonica\FrmCentralitaTelefonica.csproj", "{267000C5-0A6E-4E8F-9E44-721544F474F5}"
EndProject
Global
	GlobalSection(SolutionConfigurationPlatforms) = preSolution
		Debug|Any CPU = Debug|Any CPU
		Release|Any CPU = Release|Any CPU
	EndGlobalSection
	GlobalSection(ProjectConfigurationPlatforms) = postSolution
		{B00E1597-941E-4808-A3BC-BA981DCD4AE1}.Debug|Any CPU.ActiveCfg = Debug|Any CPU
		{B00E1597-941E-4808-A3BC-BA981DCD4AE1}.Debug|Any CPU.Build.0 = Debug|Any CPU
		{B00E1597-941E-4808-A3BC-BA981DCD4AE1}.Release|Any CPU.ActiveCfg = Release|Any CPU
		{B00E1597-941E-4808-A3BC-BA981DCD4AE1}.Release|Any CPU.Build.0 = Release|Any CPU
		{267000C5-0A6E-4E8F-9E44-721544F474F5}.Debug|Any CPU.ActiveCfg = Debug|Any CPU
		{267000C5-0A6E-4E8F-9E44-721544F474F5}.Debug|Any CPU.Build.0 = Debug|Any CPU
		{267000C5-0A6E-4E8F-9E44-721544F474F5}.Release|Any CPU.ActiveCfg = Release|Any CPU
		{267000C5-0A6E-4E8F-9E44-721544F474F5}.Release|Any CPU.Build.0 = Release|Any CPU
	EndGlobalSection
	GlobalSection(SolutionProperties) = preSolution
		HideSolutionNode = FALSE
	EndGlobalSection
EndGlobal
